
Microsoft Visual Studio Solution File, Format Version 12.00
# Visual Studio Express 2012 for Windows Desktop
Project("{FAE04EC0-301F-11D3-BF4B-00C04F79EFBC}") = "pol-pass", "pol-pass\pol-pass.csproj", "{5A70D6DE-1F40-4A6A-A600-CC5E3D3E31C1}"
EndProject
Global
	GlobalSection(SolutionConfigurationPlatforms) = preSolution
		Debug|Any CPU = Debug|Any CPU
		Release|Any CPU = Release|Any CPU
	EndGlobalSection
	GlobalSection(ProjectConfigurationPlatforms) = postSolution
		{5A70D6DE-1F40-4A6A-A600-CC5E3D3E31C1}.Debug|Any CPU.ActiveCfg = Debug|Any CPU
		{5A70D6DE-1F40-4A6A-A600-CC5E3D3E31C1}.Debug|Any CPU.Build.0 = Debug|Any CPU
		{5A70D6DE-1F40-4A6A-A600-CC5E3D3E31C1}.Release|Any CPU.ActiveCfg = Release|Any CPU
		{5A70D6DE-1F40-4A6A-A600-CC5E3D3E31C1}.Release|Any CPU.Build.0 = Release|Any CPU
	EndGlobalSection
	GlobalSection(SolutionProperties) = preSolution
		HideSolutionNode = FALSE
	EndGlobalSection
EndGlobal
